
Microsoft Visual Studio Solution File, Format Version 12.00
# Visual Studio Version 17
VisualStudioVersion = 17.0.31903.59
MinimumVisualStudioVersion = 10.0.40219.1
Project("{FAE04EC0-301F-11D3-BF4B-00C04F79EFBC}") = "Domain", "Domain\Domain.csproj", "{91FBA979-2950-470B-973C-E93B289C18B9}"
EndProject
Project("{FAE04EC0-301F-11D3-BF4B-00C04F79EFBC}") = "Infrastructure", "Infrastructure\Infrastructure.csproj", "{DCF441DA-4354-43BA-9E57-802EA902CBB8}"
EndProject
Project("{FAE04EC0-301F-11D3-BF4B-00C04F79EFBC}") = "MainApp", "MainApp\MainApp.csproj", "{C2D70765-6BF1-4E13-A7D5-F2014299DA5D}"
EndProject
Global
	GlobalSection(SolutionConfigurationPlatforms) = preSolution
		Debug|Any CPU = Debug|Any CPU
		Release|Any CPU = Release|Any CPU
	EndGlobalSection
	GlobalSection(SolutionProperties) = preSolution
		HideSolutionNode = FALSE
	EndGlobalSection
	GlobalSection(ProjectConfigurationPlatforms) = postSolution
		{91FBA979-2950-470B-973C-E93B289C18B9}.Debug|Any CPU.ActiveCfg = Debug|Any CPU
		{91FBA979-2950-470B-973C-E93B289C18B9}.Debug|Any CPU.Build.0 = Debug|Any CPU
		{91FBA979-2950-470B-973C-E93B289C18B9}.Release|Any CPU.ActiveCfg = Release|Any CPU
		{91FBA979-2950-470B-973C-E93B289C18B9}.Release|Any CPU.Build.0 = Release|Any CPU
		{DCF441DA-4354-43BA-9E57-802EA902CBB8}.Debug|Any CPU.ActiveCfg = Debug|Any CPU
		{DCF441DA-4354-43BA-9E57-802EA902CBB8}.Debug|Any CPU.Build.0 = Debug|Any CPU
		{DCF441DA-4354-43BA-9E57-802EA902CBB8}.Release|Any CPU.ActiveCfg = Release|Any CPU
		{DCF441DA-4354-43BA-9E57-802EA902CBB8}.Release|Any CPU.Build.0 = Release|Any CPU
		{C2D70765-6BF1-4E13-A7D5-F2014299DA5D}.Debug|Any CPU.ActiveCfg = Debug|Any CPU
		{C2D70765-6BF1-4E13-A7D5-F2014299DA5D}.Debug|Any CPU.Build.0 = Debug|Any CPU
		{C2D70765-6BF1-4E13-A7D5-F2014299DA5D}.Release|Any CPU.ActiveCfg = Release|Any CPU
		{C2D70765-6BF1-4E13-A7D5-F2014299DA5D}.Release|Any CPU.Build.0 = Release|Any CPU
	EndGlobalSection
EndGlobal
